
Microsoft Visual Studio Solution File, Format Version 12.00
# Visual Studio Version 17
VisualStudioVersion = 17.11.35118.90
MinimumVisualStudioVersion = 10.0.40219.1
Project("{FAE04EC0-301F-11D3-BF4B-00C04F79EFBC}") = "webapi", "webapi\webapi.csproj", "{70F7B78F-4A44-4A51-AD9F-12E3C45290FF}"
EndProject
Global
	GlobalSection(SolutionConfigurationPlatforms) = preSolution
		Debug|Any CPU = Debug|Any CPU
		Release|Any CPU = Release|Any CPU
	EndGlobalSection
	GlobalSection(ProjectConfigurationPlatforms) = postSolution
		{70F7B78F-4A44-4A51-AD9F-12E3C45290FF}.Debug|Any CPU.ActiveCfg = Debug|Any CPU
		{70F7B78F-4A44-4A51-AD9F-12E3C45290FF}.Debug|Any CPU.Build.0 = Debug|Any CPU
		{70F7B78F-4A44-4A51-AD9F-12E3C45290FF}.Release|Any CPU.ActiveCfg = Release|Any CPU
		{70F7B78F-4A44-4A51-AD9F-12E3C45290FF}.Release|Any CPU.Build.0 = Release|Any CPU
	EndGlobalSection
	GlobalSection(SolutionProperties) = preSolution
		HideSolutionNode = FALSE
	EndGlobalSection
	GlobalSection(ExtensibilityGlobals) = postSolution
		SolutionGuid = {EE37E844-3870-4523-A81F-AFE95EA22983}
	EndGlobalSection
EndGlobal
